# THIS IS AN AUTOGENERATED FILE. DO NOT EDIT THIS FILE DIRECTLY.
# yarn lockfile v1


"@babel/runtime@^7.23.9":
  version "7.24.5"
  resolved "https://registry.yarnpkg.com/@babel/runtime/-/runtime-7.24.5.tgz#230946857c053a36ccc66e1dd03b17dd0c4ed02c"
  integrity sha512-Nms86NXrsaeU9vbBJKni6gXiEXZ4CVpYVzEjDH9Sb8vmZ3UljyA1GSOJl/6LGPO8EHLuSF9H+IxNXHPX8QHJ4g==
  dependencies:
    regenerator-runtime "^0.14.0"

"@mui/icons-material@^5.15.16":
  version "5.15.16"
  resolved "https://registry.yarnpkg.com/@mui/icons-material/-/icons-material-5.15.16.tgz#2fedd7b2bec967a8ac4bcbcf41da769b7508237b"
  integrity sha512-s8vYbyACzTNZRKv+20fCfVXJwJqNcVotns2EKnu1wmAga6wv2LAo5kB1d5yqQqZlMFtp34EJvRXf7cy8X0tJVA==
  dependencies:
    "@babel/runtime" "^7.23.9"

regenerator-runtime@^0.14.0:
  version "0.14.1"
  resolved "https://registry.yarnpkg.com/regenerator-runtime/-/regenerator-runtime-0.14.1.tgz#356ade10263f685dda125100cd862c1db895327f"
  integrity sha512-dYnhHh0nJoMfnkZs6GmmhFknAGRrLznOu5nc9ML+EJxGvrx6H7teuevqVqCuPcPK//3eDrrjQhehXVx9cnkGdw==
